Microsoft Visual Studio Solution File, Format Version 11.00
# Visual Studio 2008

Project("{7E32EA29-CBAE-3A46-8910-80B6B0BBEAF3}") = "ShaderLab", "Assembly-CSharp-firstpass.csproj", "{E4AD80D1-B294-C533-B771-923A4E85281A}"
EndProject
Project("{7E32EA29-CBAE-3A46-8910-80B6B0BBEAF3}") = "ShaderLab", "Assembly-CSharp.csproj", "{DCA5165E-B5FF-FDB4-577C-64F7CB7A1FDE}"
EndProject
Project("{7E32EA29-CBAE-3A46-8910-80B6B0BBEAF3}") = "ShaderLab", "Assembly-CSharp-Editor.csproj", "{3B4165B0-9750-0AB0-D337-3B2FD0A80EB5}"
EndProject
Global
	GlobalSection(SolutionConfigurationPlatforms) = preSolution
		Debug|Any CPU = Debug|Any CPU
		Release|Any CPU = Release|Any CPU
	EndGlobalSection
	GlobalSection(ProjectConfigurationPlatforms) = postSolution
		{E4AD80D1-B294-C533-B771-923A4E85281A}.Debug|Any CPU.ActiveCfg = Debug|Any CPU
		{E4AD80D1-B294-C533-B771-923A4E85281A}.Debug|Any CPU.Build.0 = Debug|Any CPU
		{E4AD80D1-B294-C533-B771-923A4E85281A}.Release|Any CPU.ActiveCfg = Release|Any CPU
		{E4AD80D1-B294-C533-B771-923A4E85281A}.Release|Any CPU.Build.0 = Release|Any CPU
		{DCA5165E-B5FF-FDB4-577C-64F7CB7A1FDE}.Debug|Any CPU.ActiveCfg = Debug|Any CPU
		{DCA5165E-B5FF-FDB4-577C-64F7CB7A1FDE}.Debug|Any CPU.Build.0 = Debug|Any CPU
		{DCA5165E-B5FF-FDB4-577C-64F7CB7A1FDE}.Release|Any CPU.ActiveCfg = Release|Any CPU
		{DCA5165E-B5FF-FDB4-577C-64F7CB7A1FDE}.Release|Any CPU.Build.0 = Release|Any CPU
		{3B4165B0-9750-0AB0-D337-3B2FD0A80EB5}.Debug|Any CPU.ActiveCfg = Debug|Any CPU
		{3B4165B0-9750-0AB0-D337-3B2FD0A80EB5}.Debug|Any CPU.Build.0 = Debug|Any CPU
		{3B4165B0-9750-0AB0-D337-3B2FD0A80EB5}.Release|Any CPU.ActiveCfg = Release|Any CPU
		{3B4165B0-9750-0AB0-D337-3B2FD0A80EB5}.Release|Any CPU.Build.0 = Release|Any CPU
	EndGlobalSection
	GlobalSection(SolutionProperties) = preSolution
		HideSolutionNode = FALSE
	EndGlobalSection
																																																GlobalSection(MonoDevelopProperties) = preSolution
		StartupItem = Assembly-CSharp.csproj
		Policies = $0
		$0.TextStylePolicy = $1
		$1.inheritsSet = null
		$1.scope = text/x-csharp
		$0.CSharpFormattingPolicy = $2
		$2.inheritsSet = Mono
		$2.inheritsScope = text/x-csharp
		$2.scope = text/x-csharp
		$0.TextStylePolicy = $3
		$3.FileWidth = 120
		$3.TabWidth = 4
		$3.IndentWidth = 4
		$3.EolMarker = Unix
		$3.inheritsSet = Mono
		$3.inheritsScope = text/plain
		$3.scope = text/plain
	EndGlobalSection

EndGlobal
